
Microsoft Visual Studio Solution File, Format Version 12.00
# Visual Studio Version 16
VisualStudioVersion = 16.0.30011.22
MinimumVisualStudioVersion = 10.0.40219.1
Project("{FAE04EC0-301F-11D3-BF4B-00C04F79EFBC}") = "CompanyDB", "CompanyDB.csproj", "{3109FC62-A38E-4211-A521-53791BA56A93}"
EndProject
Global
	GlobalSection(SolutionConfigurationPlatforms) = preSolution
		Debug|Any CPU = Debug|Any CPU
		Release|Any CPU = Release|Any CPU
	EndGlobalSection
	GlobalSection(ProjectConfigurationPlatforms) = postSolution
		{3109FC62-A38E-4211-A521-53791BA56A93}.Debug|Any CPU.ActiveCfg = Debug|Any CPU
		{3109FC62-A38E-4211-A521-53791BA56A93}.Debug|Any CPU.Build.0 = Debug|Any CPU
		{3109FC62-A38E-4211-A521-53791BA56A93}.Release|Any CPU.ActiveCfg = Release|Any CPU
		{3109FC62-A38E-4211-A521-53791BA56A93}.Release|Any CPU.Build.0 = Release|Any CPU
	EndGlobalSection
	GlobalSection(SolutionProperties) = preSolution
		HideSolutionNode = FALSE
	EndGlobalSection
	GlobalSection(ExtensibilityGlobals) = postSolution
		SolutionGuid = {3A2ACB42-28B8-4D23-BE58-1FA60B6E8C56}
	EndGlobalSection
EndGlobal
