
Microsoft Visual Studio Solution File, Format Version 12.00
# Visual Studio Version 16
VisualStudioVersion = 16.0.30717.126
MinimumVisualStudioVersion = 10.0.40219.1
Project("{FAE04EC0-301F-11D3-BF4B-00C04F79EFBC}") = "CompanyManagementDataLayer", "CompanyManagementDataLayer\CompanyManagementDataLayer.csproj", "{93A07346-DBB2-4A11-B4CD-4F4CC6378C5B}"
EndProject
Global
	GlobalSection(SolutionConfigurationPlatforms) = preSolution
		Debug|Any CPU = Debug|Any CPU
		Release|Any CPU = Release|Any CPU
	EndGlobalSection
	GlobalSection(ProjectConfigurationPlatforms) = postSolution
		{93A07346-DBB2-4A11-B4CD-4F4CC6378C5B}.Debug|Any CPU.ActiveCfg = Debug|Any CPU
		{93A07346-DBB2-4A11-B4CD-4F4CC6378C5B}.Debug|Any CPU.Build.0 = Debug|Any CPU
		{93A07346-DBB2-4A11-B4CD-4F4CC6378C5B}.Release|Any CPU.ActiveCfg = Release|Any CPU
		{93A07346-DBB2-4A11-B4CD-4F4CC6378C5B}.Release|Any CPU.Build.0 = Release|Any CPU
	EndGlobalSection
	GlobalSection(SolutionProperties) = preSolution
		HideSolutionNode = FALSE
	EndGlobalSection
	GlobalSection(ExtensibilityGlobals) = postSolution
		SolutionGuid = {CADF431B-4A67-42AE-B6FD-2DCF5CFDE3E9}
	EndGlobalSection
EndGlobal
